{
  "meteor": {},
  "dependencies": {
    "basePackages": {
      "iron-router": {},
      "famono": {}
    },
    "packages": {
      "iron-router": {
        "git": "https://github.com/EventedMind/iron-router.git",
        "tag": "v0.7.0",
        "commit": "05f34bc48c4cad9fdaa366c1ddcabe6980232ece"
      },
      "famono": {
        "git": "https://github.com/raix/Meteor-famono.git",
        "tag": "v0.0.17",
        "commit": "d15a0a378804da5d8e0268b7634c26d823e68e4b"
      },
      "blaze-layout": {
        "git": "https://github.com/EventedMind/blaze-layout.git",
        "tag": "v0.2.2",
        "commit": "8bc53798fe5965669ae67c72f91829fcfdceabfd"
      }
    }
  }
}
